
Microsoft Visual Studio Solution File, Format Version 12.00
# Visual Studio 15
VisualStudioVersion = 15.0.27130.2003
MinimumVisualStudioVersion = 10.0.40219.1
Project("{FAE04EC0-301F-11D3-BF4B-00C04F79EFBC}") = "VirtualTour", "VirtualTour\VirtualTour.csproj", "{A0FC8EE2-82DB-4906-BDAB-16A7A2D9EDD5}"
EndProject
Global
	GlobalSection(SolutionConfigurationPlatforms) = preSolution
		Debug|Any CPU = Debug|Any CPU
		Release|Any CPU = Release|Any CPU
	EndGlobalSection
	GlobalSection(ProjectConfigurationPlatforms) = postSolution
		{A0FC8EE2-82DB-4906-BDAB-16A7A2D9EDD5}.Debug|Any CPU.ActiveCfg = Debug|Any CPU
		{A0FC8EE2-82DB-4906-BDAB-16A7A2D9EDD5}.Debug|Any CPU.Build.0 = Debug|Any CPU
		{A0FC8EE2-82DB-4906-BDAB-16A7A2D9EDD5}.Release|Any CPU.ActiveCfg = Release|Any CPU
		{A0FC8EE2-82DB-4906-BDAB-16A7A2D9EDD5}.Release|Any CPU.Build.0 = Release|Any CPU
	EndGlobalSection
	GlobalSection(SolutionProperties) = preSolution
		HideSolutionNode = FALSE
	EndGlobalSection
	GlobalSection(ExtensibilityGlobals) = postSolution
		SolutionGuid = {CEAD36E8-4AD5-4D10-8AB5-207C3FFF9F4A}
	EndGlobalSection
EndGlobal
